
Microsoft Visual Studio Solution File, Format Version 12.00
Project("{2150E333-8FDC-42A3-9474-1A3956D46DE8}") = "src", "src", "{63D365C4-87E7-4EDC-A82A-4660780FE864}"
EndProject
Project("{2150E333-8FDC-42A3-9474-1A3956D46DE8}") = "1. Api", "1. Api", "{DA085B35-FDC9-4529-8711-FAAC31943A86}"
EndProject
Project("{FAE04EC0-301F-11D3-BF4B-00C04F79EFBC}") = "Api", "Api\Api.csproj", "{1C606153-CC1D-426D-900C-460D515C9800}"
EndProject
Project("{2150E333-8FDC-42A3-9474-1A3956D46DE8}") = "2. Core", "2. Core", "{DAE6547D-4209-4D5B-8B3C-4AF2FF945040}"
EndProject
Project("{FAE04EC0-301F-11D3-BF4B-00C04F79EFBC}") = "Domain", "Domain\Domain.csproj", "{76684602-9A3D-47FC-8E2F-6133F5A0851E}"
EndProject
Project("{FAE04EC0-301F-11D3-BF4B-00C04F79EFBC}") = "Application", "Application\Application.csproj", "{23B82EC3-631A-4FF3-A786-6FF28CF3ADEE}"
EndProject
Project("{2150E333-8FDC-42A3-9474-1A3956D46DE8}") = "3. Infrastructure", "3. Infrastructure", "{E43D610C-52C3-4928-91BC-BBE5EC277813}"
EndProject
Project("{FAE04EC0-301F-11D3-BF4B-00C04F79EFBC}") = "Infrastructure", "Infrastructure\Infrastructure.csproj", "{590B6FD5-9D4A-405C-ADED-8F1F3739C9E9}"
EndProject
Global
	GlobalSection(SolutionConfigurationPlatforms) = preSolution
		Debug|Any CPU = Debug|Any CPU
		Release|Any CPU = Release|Any CPU
	EndGlobalSection
	GlobalSection(ProjectConfigurationPlatforms) = postSolution
		{1C606153-CC1D-426D-900C-460D515C9800}.Debug|Any CPU.ActiveCfg = Debug|Any CPU
		{1C606153-CC1D-426D-900C-460D515C9800}.Debug|Any CPU.Build.0 = Debug|Any CPU
		{1C606153-CC1D-426D-900C-460D515C9800}.Release|Any CPU.ActiveCfg = Release|Any CPU
		{1C606153-CC1D-426D-900C-460D515C9800}.Release|Any CPU.Build.0 = Release|Any CPU
		{76684602-9A3D-47FC-8E2F-6133F5A0851E}.Debug|Any CPU.ActiveCfg = Debug|Any CPU
		{76684602-9A3D-47FC-8E2F-6133F5A0851E}.Debug|Any CPU.Build.0 = Debug|Any CPU
		{76684602-9A3D-47FC-8E2F-6133F5A0851E}.Release|Any CPU.ActiveCfg = Release|Any CPU
		{76684602-9A3D-47FC-8E2F-6133F5A0851E}.Release|Any CPU.Build.0 = Release|Any CPU
		{23B82EC3-631A-4FF3-A786-6FF28CF3ADEE}.Debug|Any CPU.ActiveCfg = Debug|Any CPU
		{23B82EC3-631A-4FF3-A786-6FF28CF3ADEE}.Debug|Any CPU.Build.0 = Debug|Any CPU
		{23B82EC3-631A-4FF3-A786-6FF28CF3ADEE}.Release|Any CPU.ActiveCfg = Release|Any CPU
		{23B82EC3-631A-4FF3-A786-6FF28CF3ADEE}.Release|Any CPU.Build.0 = Release|Any CPU
		{590B6FD5-9D4A-405C-ADED-8F1F3739C9E9}.Debug|Any CPU.ActiveCfg = Debug|Any CPU
		{590B6FD5-9D4A-405C-ADED-8F1F3739C9E9}.Debug|Any CPU.Build.0 = Debug|Any CPU
		{590B6FD5-9D4A-405C-ADED-8F1F3739C9E9}.Release|Any CPU.ActiveCfg = Release|Any CPU
		{590B6FD5-9D4A-405C-ADED-8F1F3739C9E9}.Release|Any CPU.Build.0 = Release|Any CPU
	EndGlobalSection
	GlobalSection(NestedProjects) = preSolution
		{DA085B35-FDC9-4529-8711-FAAC31943A86} = {63D365C4-87E7-4EDC-A82A-4660780FE864}
		{1C606153-CC1D-426D-900C-460D515C9800} = {DA085B35-FDC9-4529-8711-FAAC31943A86}
		{DAE6547D-4209-4D5B-8B3C-4AF2FF945040} = {63D365C4-87E7-4EDC-A82A-4660780FE864}
		{76684602-9A3D-47FC-8E2F-6133F5A0851E} = {DAE6547D-4209-4D5B-8B3C-4AF2FF945040}
		{23B82EC3-631A-4FF3-A786-6FF28CF3ADEE} = {DAE6547D-4209-4D5B-8B3C-4AF2FF945040}
		{E43D610C-52C3-4928-91BC-BBE5EC277813} = {63D365C4-87E7-4EDC-A82A-4660780FE864}
		{590B6FD5-9D4A-405C-ADED-8F1F3739C9E9} = {E43D610C-52C3-4928-91BC-BBE5EC277813}
	EndGlobalSection
EndGlobal
